
Microsoft Visual Studio Solution File, Format Version 12.00
# Visual Studio Version 17
VisualStudioVersion = 17.2.32616.157
MinimumVisualStudioVersion = 10.0.40219.1
Project("{FAE04EC0-301F-11D3-BF4B-00C04F79EFBC}") = "lab14_th", "lab14_th\lab14_th.csproj", "{250A69C2-76AE-4073-A610-2F037990E18D}"
EndProject
Global
	GlobalSection(SolutionConfigurationPlatforms) = preSolution
		Debug|Any CPU = Debug|Any CPU
		Release|Any CPU = Release|Any CPU
	EndGlobalSection
	GlobalSection(ProjectConfigurationPlatforms) = postSolution
		{250A69C2-76AE-4073-A610-2F037990E18D}.Debug|Any CPU.ActiveCfg = Debug|Any CPU
		{250A69C2-76AE-4073-A610-2F037990E18D}.Debug|Any CPU.Build.0 = Debug|Any CPU
		{250A69C2-76AE-4073-A610-2F037990E18D}.Release|Any CPU.ActiveCfg = Release|Any CPU
		{250A69C2-76AE-4073-A610-2F037990E18D}.Release|Any CPU.Build.0 = Release|Any CPU
	EndGlobalSection
	GlobalSection(SolutionProperties) = preSolution
		HideSolutionNode = FALSE
	EndGlobalSection
	GlobalSection(ExtensibilityGlobals) = postSolution
		SolutionGuid = {05B926C5-5698-42BB-9A7B-04946749FCD2}
	EndGlobalSection
EndGlobal
